
Microsoft Visual Studio Solution File, Format Version 12.00
# Visual Studio 15
VisualStudioVersion = 15.0.27004.2005
MinimumVisualStudioVersion = 10.0.40219.1
Project("{FAE04EC0-301F-11D3-BF4B-00C04F79EFBC}") = "FacApp", "FacApp\FacApp.csproj", "{F93F9FAB-4D2F-4ADA-9FAE-56222D737E93}"
EndProject
Project("{FAE04EC0-301F-11D3-BF4B-00C04F79EFBC}") = "FacLib", "FacLib\FacLib.csproj", "{66046F27-9C4A-4199-A5A3-24D8206793D8}"
EndProject
Project("{FAE04EC0-301F-11D3-BF4B-00C04F79EFBC}") = "FacTests", "FacTests\FacTests.csproj", "{AB38878D-1817-4A9B-A211-C26DE992140B}"
EndProject
Global
	GlobalSection(SolutionConfigurationPlatforms) = preSolution
		Debug|Any CPU = Debug|Any CPU
		Release|Any CPU = Release|Any CPU
	EndGlobalSection
	GlobalSection(ProjectConfigurationPlatforms) = postSolution
		{F93F9FAB-4D2F-4ADA-9FAE-56222D737E93}.Debug|Any CPU.ActiveCfg = Debug|Any CPU
		{F93F9FAB-4D2F-4ADA-9FAE-56222D737E93}.Debug|Any CPU.Build.0 = Debug|Any CPU
		{F93F9FAB-4D2F-4ADA-9FAE-56222D737E93}.Release|Any CPU.ActiveCfg = Release|Any CPU
		{F93F9FAB-4D2F-4ADA-9FAE-56222D737E93}.Release|Any CPU.Build.0 = Release|Any CPU
		{66046F27-9C4A-4199-A5A3-24D8206793D8}.Debug|Any CPU.ActiveCfg = Debug|Any CPU
		{66046F27-9C4A-4199-A5A3-24D8206793D8}.Debug|Any CPU.Build.0 = Debug|Any CPU
		{66046F27-9C4A-4199-A5A3-24D8206793D8}.Release|Any CPU.ActiveCfg = Release|Any CPU
		{66046F27-9C4A-4199-A5A3-24D8206793D8}.Release|Any CPU.Build.0 = Release|Any CPU
		{AB38878D-1817-4A9B-A211-C26DE992140B}.Debug|Any CPU.ActiveCfg = Debug|Any CPU
		{AB38878D-1817-4A9B-A211-C26DE992140B}.Debug|Any CPU.Build.0 = Debug|Any CPU
		{AB38878D-1817-4A9B-A211-C26DE992140B}.Release|Any CPU.ActiveCfg = Release|Any CPU
		{AB38878D-1817-4A9B-A211-C26DE992140B}.Release|Any CPU.Build.0 = Release|Any CPU
	EndGlobalSection
	GlobalSection(SolutionProperties) = preSolution
		HideSolutionNode = FALSE
	EndGlobalSection
	GlobalSection(ExtensibilityGlobals) = postSolution
		SolutionGuid = {B7FA584C-277D-4280-90B8-A39DFB6F9328}
	EndGlobalSection
EndGlobal
